
Microsoft Visual Studio Solution File, Format Version 12.00
# Visual Studio Version 16
VisualStudioVersion = 16.0.31129.286
MinimumVisualStudioVersion = 10.0.40219.1
Project("{8BC9CEB8-8B4A-11D0-8D11-00A0C91BC942}") = "HydraNext", "HydraNext.vcxproj", "{03706EA9-CBD7-4AC3-B78E-59BDD2444D76}"
EndProject
Global
	GlobalSection(SolutionConfigurationPlatforms) = preSolution
		Debug|x64 = Debug|x64
		Release|x64 = Release|x64
	EndGlobalSection
	GlobalSection(ProjectConfigurationPlatforms) = postSolution
		{03706EA9-CBD7-4AC3-B78E-59BDD2444D76}.Debug|x64.ActiveCfg = Debug|x64
		{03706EA9-CBD7-4AC3-B78E-59BDD2444D76}.Debug|x64.Build.0 = Debug|x64
		{03706EA9-CBD7-4AC3-B78E-59BDD2444D76}.Release|x64.ActiveCfg = Release|x64
		{03706EA9-CBD7-4AC3-B78E-59BDD2444D76}.Release|x64.Build.0 = Release|x64
	EndGlobalSection
	GlobalSection(SolutionProperties) = preSolution
		HideSolutionNode = FALSE
	EndGlobalSection
	GlobalSection(ExtensibilityGlobals) = postSolution
		SolutionGuid = {9409C7C2-BC59-493F-AC20-78F5E51E4ADD}
	EndGlobalSection
EndGlobal
