
Microsoft Visual Studio Solution File, Format Version 12.00
# Visual Studio 15
VisualStudioVersion = 15.0.28010.2003
MinimumVisualStudioVersion = 10.0.40219.1
Project("{8BC9CEB8-8B4A-11D0-8D11-00A0C91BC942}") = "RenderPipelines", "RenderPipelines.vcxproj", "{C1F2F31E-C8B6-40B9-85CA-4B456660C62B}"
EndProject
Project("{8BC9CEB8-8B4A-11D0-8D11-00A0C91BC942}") = "CustomShaderLanguage", "CustomShaderLanguage.vcxproj", "{BB158F73-7096-4DF3-97C7-2703151633C3}"
EndProject
Project("{8BC9CEB8-8B4A-11D0-8D11-00A0C91BC942}") = "Materials", "Materials.vcxproj", "{2C5A5DA6-EF06-4920-A26F-632AA20C98AD}"
EndProject
Project("{8BC9CEB8-8B4A-11D0-8D11-00A0C91BC942}") = "ShaderAugmentation", "ShaderAugmentation.vcxproj", "{790ABFF8-4F8B-4938-AF6E-A34549B28569}"
EndProject
Global
	GlobalSection(SolutionConfigurationPlatforms) = preSolution
		Debug|x64 = Debug|x64
		Release|x64 = Release|x64
	EndGlobalSection
	GlobalSection(ProjectConfigurationPlatforms) = postSolution
		{C1F2F31E-C8B6-40B9-85CA-4B456660C62B}.Debug|x64.ActiveCfg = Debug|x64
		{C1F2F31E-C8B6-40B9-85CA-4B456660C62B}.Debug|x64.Build.0 = Debug|x64
		{C1F2F31E-C8B6-40B9-85CA-4B456660C62B}.Release|x64.ActiveCfg = Release|x64
		{C1F2F31E-C8B6-40B9-85CA-4B456660C62B}.Release|x64.Build.0 = Release|x64
		{BB158F73-7096-4DF3-97C7-2703151633C3}.Debug|x64.ActiveCfg = Debug|x64
		{BB158F73-7096-4DF3-97C7-2703151633C3}.Debug|x64.Build.0 = Debug|x64
		{BB158F73-7096-4DF3-97C7-2703151633C3}.Release|x64.ActiveCfg = Release|x64
		{BB158F73-7096-4DF3-97C7-2703151633C3}.Release|x64.Build.0 = Release|x64
		{2C5A5DA6-EF06-4920-A26F-632AA20C98AD}.Debug|x64.ActiveCfg = Debug|x64
		{2C5A5DA6-EF06-4920-A26F-632AA20C98AD}.Debug|x64.Build.0 = Debug|x64
		{2C5A5DA6-EF06-4920-A26F-632AA20C98AD}.Release|x64.ActiveCfg = Release|x64
		{2C5A5DA6-EF06-4920-A26F-632AA20C98AD}.Release|x64.Build.0 = Release|x64
		{790ABFF8-4F8B-4938-AF6E-A34549B28569}.Debug|x64.ActiveCfg = Debug|x64
		{790ABFF8-4F8B-4938-AF6E-A34549B28569}.Debug|x64.Build.0 = Debug|x64
		{790ABFF8-4F8B-4938-AF6E-A34549B28569}.Release|x64.ActiveCfg = Release|x64
		{790ABFF8-4F8B-4938-AF6E-A34549B28569}.Release|x64.Build.0 = Release|x64
	EndGlobalSection
	GlobalSection(SolutionProperties) = preSolution
		HideSolutionNode = FALSE
	EndGlobalSection
	GlobalSection(ExtensibilityGlobals) = postSolution
		SolutionGuid = {77FE98FE-87DA-4C3B-8FE8-E21276B4B5AD}
	EndGlobalSection
EndGlobal
