
Microsoft Visual Studio Solution File, Format Version 12.00
# Visual Studio 15
VisualStudioVersion = 15.0.28010.2003
MinimumVisualStudioVersion = 10.0.40219.1
Project("{8BC9CEB8-8B4A-11D0-8D11-00A0C91BC942}") = "DataDrivenRendering", "DataDrivenRendering.vcxproj", "{81F7E26D-5845-4A29-B087-EADF26C49A80}"
EndProject
Global
	GlobalSection(SolutionConfigurationPlatforms) = preSolution
		Debug_Vulkan|x64 = Debug_Vulkan|x64
		Debug|x64 = Debug|x64
		Release_Vulkan|x64 = Release_Vulkan|x64
		Release|x64 = Release|x64
	EndGlobalSection
	GlobalSection(ProjectConfigurationPlatforms) = postSolution
		{81F7E26D-5845-4A29-B087-EADF26C49A80}.Debug_Vulkan|x64.ActiveCfg = Debug_Vulkan|x64
		{81F7E26D-5845-4A29-B087-EADF26C49A80}.Debug_Vulkan|x64.Build.0 = Debug_Vulkan|x64
		{81F7E26D-5845-4A29-B087-EADF26C49A80}.Debug|x64.ActiveCfg = Debug|x64
		{81F7E26D-5845-4A29-B087-EADF26C49A80}.Debug|x64.Build.0 = Debug|x64
		{81F7E26D-5845-4A29-B087-EADF26C49A80}.Release_Vulkan|x64.ActiveCfg = Release_Vulkan|x64
		{81F7E26D-5845-4A29-B087-EADF26C49A80}.Release_Vulkan|x64.Build.0 = Release_Vulkan|x64
		{81F7E26D-5845-4A29-B087-EADF26C49A80}.Release|x64.ActiveCfg = Release|x64
		{81F7E26D-5845-4A29-B087-EADF26C49A80}.Release|x64.Build.0 = Release|x64
	EndGlobalSection
	GlobalSection(SolutionProperties) = preSolution
		HideSolutionNode = FALSE
	EndGlobalSection
	GlobalSection(ExtensibilityGlobals) = postSolution
		SolutionGuid = {77FE98FE-87DA-4C3B-8FE8-E21276B4B5AD}
	EndGlobalSection
EndGlobal
